// !$*UTF8*$!
{
	archiveVersion = 1;
	classes = {
	};
	objectVersion = 46;
	objects = {

/* Begin PBXBuildFile section */
		0F09AEC41CF849E200888534 /* test.jpg in Resources */ = {isa = PBXBuildFile; fileRef = 0F09AEC31CF849E200888534 /* test.jpg */; };
		0F40CAAF1CFB0DE4005BECCE /* DayMasterViewController.m in Sources */ = {isa = PBXBuildFile; fileRef = 0F40CAAE1CFB0DE4005BECCE /* DayMasterViewController.m */; };
		0F40CAB21CFB0DEE005BECCE /* MasterViewController.m in Sources */ = {isa = PBXBuildFile; fileRef = 0F40CAB11CFB0DEE005BECCE /* MasterViewController.m */; };
		0F40CAB51CFB0F1C005BECCE /* HourObject.m in Sources */ = {isa = PBXBuildFile; fileRef = 0F40CAB41CFB0F1C005BECCE /* HourObject.m */; };
		0F40CAB81CFB0F92005BECCE /* DayObject.m in Sources */ = {isa = PBXBuildFile; fileRef = 0F40CAB71CFB0F92005BECCE /* DayObject.m */; };
		0F40CABD1CFB0FD3005BECCE /* CashViewController.m in Sources */ = {isa = PBXBuildFile; fileRef = 0F40CABA1CFB0FD3005BECCE /* CashViewController.m */; };
		0F40CABE1CFB0FD3005BECCE /* ContentViewController.m in Sources */ = {isa = PBXBuildFile; fileRef = 0F40CABC1CFB0FD3005BECCE /* ContentViewController.m */; };
		0F5542871CFD2F5000E07865 /* CashItem.m in Sources */ = {isa = PBXBuildFile; fileRef = 0F5542861CFD2F5000E07865 /* CashItem.m */; };
		0F57472D1CF2909B00FE51B3 /* main.m in Sources */ = {isa = PBXBuildFile; fileRef = 0F57472C1CF2909B00FE51B3 /* main.m */; };
		0F5747301CF2909B00FE51B3 /* AppDelegate.m in Sources */ = {isa = PBXBuildFile; fileRef = 0F57472F1CF2909B00FE51B3 /* AppDelegate.m */; };
		0F5747391CF2909C00FE51B3 /* Main.storyboard in Resources */ = {isa = PBXBuildFile; fileRef = 0F5747371CF2909C00FE51B3 /* Main.storyboard */; };
		0F57473B1CF2909C00FE51B3 /* Assets.xcassets in Resources */ = {isa = PBXBuildFile; fileRef = 0F57473A1CF2909C00FE51B3 /* Assets.xcassets */; };
		0F57473E1CF2909C00FE51B3 /* LaunchScreen.storyboard in Resources */ = {isa = PBXBuildFile; fileRef = 0F57473C1CF2909C00FE51B3 /* LaunchScreen.storyboard */; };
		0F5747491CF2909C00FE51B3 /* BabyTests.m in Sources */ = {isa = PBXBuildFile; fileRef = 0F5747481CF2909C00FE51B3 /* BabyTests.m */; };
		0F5747541CF2909C00FE51B3 /* BabyUITests.m in Sources */ = {isa = PBXBuildFile; fileRef = 0F5747531CF2909C00FE51B3 /* BabyUITests.m */; };
		0FFC72F71CFBE02C00FD4E73 /* KxMenu.m in Sources */ = {isa = PBXBuildFile; fileRef = 0FFC72F61CFBE02C00FD4E73 /* KxMenu.m */; };
		17A99545E86393A579282094 /* libPods.a in Frameworks */ = {isa = PBXBuildFile; fileRef = 6CCAA88FD96572C0C4DA0D11 /* libPods.a */; };
/* End PBXBuildFile section */

/* Begin PBXContainerItemProxy section */
		0F5747451CF2909C00FE51B3 /* PBXContainerItemProxy */ = {
			isa = PBXContainerItemProxy;
			containerPortal = 0F5747201CF2909B00FE51B3 /* Project object */;
			proxyType = 1;
			remoteGlobalIDString = 0F5747271CF2909B00FE51B3;
			remoteInfo = Baby;
		};
		0F5747501CF2909C00FE51B3 /* PBXContainerItemProxy */ = {
			isa = PBXContainerItemProxy;
			containerPortal = 0F5747201CF2909B00FE51B3 /* Project object */;
			proxyType = 1;
			remoteGlobalIDString = 0F5747271CF2909B00FE51B3;
			remoteInfo = Baby;
		};
/* End PBXContainerItemProxy section */

/* Begin PBXFileReference section */
		02310F2CC77E1BDC129D824E /* Pods.debug.xcconfig */ = {isa = PBXFileReference; includeInIndex = 1; lastKnownFileType = text.xcconfig; name = Pods.debug.xcconfig; path = "Pods/Target Support Files/Pods/Pods.debug.xcconfig"; sourceTree = "<group>"; };
		0F09AEC31CF849E200888534 /* test.jpg */ = {isa = PBXFileReference; lastKnownFileType = image.jpeg; path = test.jpg; sourceTree = "<group>"; };
		0F40CAAD1CFB0DE4005BECCE /* DayMasterViewController.h */ = {isa = PBXFileReference; fileEncoding = 4; lastKnownFileType = sourcecode.c.h; path = DayMasterViewController.h; sourceTree = "<group>"; };
		0F40CAAE1CFB0DE4005BECCE /* DayMasterViewController.m */ = {isa = PBXFileReference; fileEncoding = 4; lastKnownFileType = sourcecode.c.objc; path = DayMasterViewController.m; sourceTree = "<group>"; };
		0F40CAB01CFB0DEE005BECCE /* MasterViewController.h */ = {isa = PBXFileReference; fileEncoding = 4; lastKnownFileType = sourcecode.c.h; path = MasterViewController.h; sourceTree = "<group>"; };
		0F40CAB11CFB0DEE005BECCE /* MasterViewController.m */ = {isa = PBXFileReference; fileEncoding = 4; lastKnownFileType = sourcecode.c.objc; path = MasterViewController.m; sourceTree = "<group>"; };
		0F40CAB31CFB0F1C005BECCE /* HourObject.h */ = {isa = PBXFileReference; fileEncoding = 4; lastKnownFileType = sourcecode.c.h; path = HourObject.h; sourceTree = "<group>"; };
		0F40CAB41CFB0F1C005BECCE /* HourObject.m */ = {isa = PBXFileReference; fileEncoding = 4; lastKnownFileType = sourcecode.c.objc; path = HourObject.m; sourceTree = "<group>"; };
		0F40CAB61CFB0F92005BECCE /* DayObject.h */ = {isa = PBXFileReference; fileEncoding = 4; lastKnownFileType = sourcecode.c.h; path = DayObject.h; sourceTree = "<group>"; };
		0F40CAB71CFB0F92005BECCE /* DayObject.m */ = {isa = PBXFileReference; fileEncoding = 4; lastKnownFileType = sourcecode.c.objc; path = DayObject.m; sourceTree = "<group>"; };
		0F40CAB91CFB0FD3005BECCE /* CashViewController.h */ = {isa = PBXFileReference; fileEncoding = 4; lastKnownFileType = sourcecode.c.h; path = CashViewController.h; sourceTree = "<group>"; };
		0F40CABA1CFB0FD3005BECCE /* CashViewController.m */ = {isa = PBXFileReference; fileEncoding = 4; lastKnownFileType = sourcecode.c.objc; path = CashViewController.m; sourceTree = "<group>"; };
		0F40CABB1CFB0FD3005BECCE /* ContentViewController.h */ = {isa = PBXFileReference; fileEncoding = 4; lastKnownFileType = sourcecode.c.h; path = ContentViewController.h; sourceTree = "<group>"; };
		0F40CABC1CFB0FD3005BECCE /* ContentViewController.m */ = {isa = PBXFileReference; fileEncoding = 4; lastKnownFileType = sourcecode.c.objc; path = ContentViewController.m; sourceTree = "<group>"; };
		0F5542851CFD2F5000E07865 /* CashItem.h */ = {isa = PBXFileReference; fileEncoding = 4; lastKnownFileType = sourcecode.c.h; path = CashItem.h; sourceTree = "<group>"; };
		0F5542861CFD2F5000E07865 /* CashItem.m */ = {isa = PBXFileReference; fileEncoding = 4; lastKnownFileType = sourcecode.c.objc; path = CashItem.m; sourceTree = "<group>"; };
		0F5747281CF2909B00FE51B3 /* Baby.app */ = {isa = PBXFileReference; explicitFileType = wrapper.application; includeInIndex = 0; path = Baby.app; sourceTree = BUILT_PRODUCTS_DIR; };
		0F57472C1CF2909B00FE51B3 /* main.m */ = {isa = PBXFileReference; lastKnownFileType = sourcecode.c.objc; path = main.m; sourceTree = "<group>"; };
		0F57472E1CF2909B00FE51B3 /* AppDelegate.h */ = {isa = PBXFileReference; lastKnownFileType = sourcecode.c.h; path = AppDelegate.h; sourceTree = "<group>"; };
		0F57472F1CF2909B00FE51B3 /* AppDelegate.m */ = {isa = PBXFileReference; lastKnownFileType = sourcecode.c.objc; path = AppDelegate.m; sourceTree = "<group>"; };
		0F5747381CF2909C00FE51B3 /* Base */ = {isa = PBXFileReference; lastKnownFileType = file.storyboard; name = Base; path = Base.lproj/Main.storyboard; sourceTree = "<group>"; };
		0F57473A1CF2909C00FE51B3 /* Assets.xcassets */ = {isa = PBXFileReference; lastKnownFileType = folder.assetcatalog; path = Assets.xcassets; sourceTree = "<group>"; };
		0F57473D1CF2909C00FE51B3 /* Base */ = {isa = PBXFileReference; lastKnownFileType = file.storyboard; name = Base; path = Base.lproj/LaunchScreen.storyboard; sourceTree = "<group>"; };
		0F57473F1CF2909C00FE51B3 /* Info.plist */ = {isa = PBXFileReference; lastKnownFileType = text.plist.xml; path = Info.plist; sourceTree = "<group>"; };
		0F5747441CF2909C00FE51B3 /* BabyTests.xctest */ = {isa = PBXFileReference; explicitFileType = wrapper.cfbundle; includeInIndex = 0; path = BabyTests.xctest; sourceTree = BUILT_PRODUCTS_DIR; };
		0F5747481CF2909C00FE51B3 /* BabyTests.m */ = {isa = PBXFileReference; lastKnownFileType = sourcecode.c.objc; path = BabyTests.m; sourceTree = "<group>"; };
		0F57474A1CF2909C00FE51B3 /* Info.plist */ = {isa = PBXFileReference; lastKnownFileType = text.plist.xml; path = Info.plist; sourceTree = "<group>"; };
		0F57474F1CF2909C00FE51B3 /* BabyUITests.xctest */ = {isa = PBXFileReference; explicitFileType = wrapper.cfbundle; includeInIndex = 0; path = BabyUITests.xctest; sourceTree = BUILT_PRODUCTS_DIR; };
		0F5747531CF2909C00FE51B3 /* BabyUITests.m */ = {isa = PBXFileReference; lastKnownFileType = sourcecode.c.objc; path = BabyUITests.m; sourceTree = "<group>"; };
		0F5747551CF2909C00FE51B3 /* Info.plist */ = {isa = PBXFileReference; lastKnownFileType = text.plist.xml; path = Info.plist; sourceTree = "<group>"; };
		0FFC72F51CFBE02C00FD4E73 /* KxMenu.h */ = {isa = PBXFileReference; fileEncoding = 4; lastKnownFileType = sourcecode.c.h; path = KxMenu.h; sourceTree = "<group>"; };
		0FFC72F61CFBE02C00FD4E73 /* KxMenu.m */ = {isa = PBXFileReference; fileEncoding = 4; lastKnownFileType = sourcecode.c.objc; path = KxMenu.m; sourceTree = "<group>"; };
		6CCAA88FD96572C0C4DA0D11 /* libPods.a */ = {isa = PBXFileReference; explicitFileType = archive.ar; includeInIndex = 0; path = libPods.a; sourceTree = BUILT_PRODUCTS_DIR; };
		C0EED2E1D91784034CA22EC0 /* Pods.release.xcconfig */ = {isa = PBXFileReference; includeInIndex = 1; lastKnownFileType = text.xcconfig; name = Pods.release.xcconfig; path = "Pods/Target Support Files/Pods/Pods.release.xcconfig"; sourceTree = "<group>"; };
/* End PBXFileReference section */

/* Begin PBXFrameworksBuildPhase section */
		0F5747251CF2909B00FE51B3 /* Frameworks */ = {
			isa = PBXFrameworksBuildPhase;
			buildActionMask = 2147483647;
			files = (
				17A99545E86393A579282094 /* libPods.a in Frameworks */,
			);
			runOnlyForDeploymentPostprocessing = 0;
		};
		0F5747411CF2909C00FE51B3 /* Frameworks */ = {
			isa = PBXFrameworksBuildPhase;
			buildActionMask = 2147483647;
			files = (
			);
			runOnlyForDeploymentPostprocessing = 0;
		};
		0F57474C1CF2909C00FE51B3 /* Frameworks */ = {
			isa = PBXFrameworksBuildPhase;
			buildActionMask = 2147483647;
			files = (
			);
			runOnlyForDeploymentPostprocessing = 0;
		};
/* End PBXFrameworksBuildPhase section */

/* Begin PBXGroup section */
		0F25C36B1CF6C250006FBB58 /* dataModel */ = {
			isa = PBXGroup;
			children = (
				0F40CAB61CFB0F92005BECCE /* DayObject.h */,
				0F40CAB71CFB0F92005BECCE /* DayObject.m */,
				0F40CAB31CFB0F1C005BECCE /* HourObject.h */,
				0F40CAB41CFB0F1C005BECCE /* HourObject.m */,
				0F5542851CFD2F5000E07865 /* CashItem.h */,
				0F5542861CFD2F5000E07865 /* CashItem.m */,
			);
			name = dataModel;
			sourceTree = "<group>";
		};
		0F57471F1CF2909B00FE51B3 = {
			isa = PBXGroup;
			children = (
				0F57472A1CF2909B00FE51B3 /* Baby */,
				0F5747471CF2909C00FE51B3 /* BabyTests */,
				0F5747521CF2909C00FE51B3 /* BabyUITests */,
				0F5747291CF2909B00FE51B3 /* Products */,
				5BC7642415B42632B87A1403 /* Pods */,
				BADA43D2B4F927662602A754 /* Frameworks */,
			);
			sourceTree = "<group>";
		};
		0F5747291CF2909B00FE51B3 /* Products */ = {
			isa = PBXGroup;
			children = (
				0F5747281CF2909B00FE51B3 /* Baby.app */,
				0F5747441CF2909C00FE51B3 /* BabyTests.xctest */,
				0F57474F1CF2909C00FE51B3 /* BabyUITests.xctest */,
			);
			name = Products;
			sourceTree = "<group>";
		};
		0F57472A1CF2909B00FE51B3 /* Baby */ = {
			isa = PBXGroup;
			children = (
				0FFC72F81CFBE03300FD4E73 /* frameworks */,
				0F40CAAD1CFB0DE4005BECCE /* DayMasterViewController.h */,
				0F40CAAE1CFB0DE4005BECCE /* DayMasterViewController.m */,
				0F40CAB01CFB0DEE005BECCE /* MasterViewController.h */,
				0F40CAB11CFB0DEE005BECCE /* MasterViewController.m */,
				0F40CAB91CFB0FD3005BECCE /* CashViewController.h */,
				0F40CABA1CFB0FD3005BECCE /* CashViewController.m */,
				0F40CABB1CFB0FD3005BECCE /* ContentViewController.h */,
				0F40CABC1CFB0FD3005BECCE /* ContentViewController.m */,
				0F25C36B1CF6C250006FBB58 /* dataModel */,
				0F57472E1CF2909B00FE51B3 /* AppDelegate.h */,
				0F57472F1CF2909B00FE51B3 /* AppDelegate.m */,
				0F5747371CF2909C00FE51B3 /* Main.storyboard */,
				0F57473A1CF2909C00FE51B3 /* Assets.xcassets */,
				0F57473C1CF2909C00FE51B3 /* LaunchScreen.storyboard */,
				0F57473F1CF2909C00FE51B3 /* Info.plist */,
				0F57472B1CF2909B00FE51B3 /* Supporting Files */,
			);
			path = Baby;
			sourceTree = "<group>";
		};
		0F57472B1CF2909B00FE51B3 /* Supporting Files */ = {
			isa = PBXGroup;
			children = (
				0F09AEC31CF849E200888534 /* test.jpg */,
				0F57472C1CF2909B00FE51B3 /* main.m */,
			);
			name = "Supporting Files";
			sourceTree = "<group>";
		};
		0F5747471CF2909C00FE51B3 /* BabyTests */ = {
			isa = PBXGroup;
			children = (
				0F5747481CF2909C00FE51B3 /* BabyTests.m */,
				0F57474A1CF2909C00FE51B3 /* Info.plist */,
			);
			path = BabyTests;
			sourceTree = "<group>";
		};
		0F5747521CF2909C00FE51B3 /* BabyUITests */ = {
			isa = PBXGroup;
			children = (
				0F5747531CF2909C00FE51B3 /* BabyUITests.m */,
				0F5747551CF2909C00FE51B3 /* Info.plist */,
			);
			path = BabyUITests;
			sourceTree = "<group>";
		};
		0FFC72F81CFBE03300FD4E73 /* frameworks */ = {
			isa = PBXGroup;
			children = (
				0FFC72F51CFBE02C00FD4E73 /* KxMenu.h */,
				0FFC72F61CFBE02C00FD4E73 /* KxMenu.m */,
			);
			name = frameworks;
			sourceTree = "<group>";
		};
		5BC7642415B42632B87A1403 /* Pods */ = {
			isa = PBXGroup;
			children = (
				02310F2CC77E1BDC129D824E /* Pods.debug.xcconfig */,
				C0EED2E1D91784034CA22EC0 /* Pods.release.xcconfig */,
			);
			name = Pods;
			sourceTree = "<group>";
		};
		BADA43D2B4F927662602A754 /* Frameworks */ = {
			isa = PBXGroup;
			children = (
				6CCAA88FD96572C0C4DA0D11 /* libPods.a */,
			);
			name = Frameworks;
			sourceTree = "<group>";
		};
/* End PBXGroup section */

/* Begin PBXNativeTarget section */
		0F5747271CF2909B00FE51B3 /* Baby */ = {
			isa = PBXNativeTarget;
			buildConfigurationList = 0F5747581CF2909C00FE51B3 /* Build configuration list for PBXNativeTarget "Baby" */;
			buildPhases = (
				9D62F92E0DB10231F5D2B095 /* Check Pods Manifest.lock */,
				0F5747241CF2909B00FE51B3 /* Sources */,
				0F5747251CF2909B00FE51B3 /* Frameworks */,
				0F5747261CF2909B00FE51B3 /* Resources */,
				3B96EAD260F46FDC9117CB05 /* Embed Pods Frameworks */,
				00684C2F079345579F5167D5 /* Copy Pods Resources */,
			);
			buildRules = (
			);
			dependencies = (
			);
			name = Baby;
			productName = Baby;
			productReference = 0F5747281CF2909B00FE51B3 /* Baby.app */;
			productType = "com.apple.product-type.application";
		};
		0F5747431CF2909C00FE51B3 /* BabyTests */ = {
			isa = PBXNativeTarget;
			buildConfigurationList = 0F57475B1CF2909C00FE51B3 /* Build configuration list for PBXNativeTarget "BabyTests" */;
			buildPhases = (
				0F5747401CF2909C00FE51B3 /* Sources */,
				0F5747411CF2909C00FE51B3 /* Frameworks */,
				0F5747421CF2909C00FE51B3 /* Resources */,
			);
			buildRules = (
			);
			dependencies = (
				0F5747461CF2909C00FE51B3 /* PBXTargetDependency */,
			);
			name = BabyTests;
			productName = BabyTests;
			productReference = 0F5747441CF2909C00FE51B3 /* BabyTests.xctest */;
			productType = "com.apple.product-type.bundle.unit-test";
		};
		0F57474E1CF2909C00FE51B3 /* BabyUITests */ = {
			isa = PBXNativeTarget;
			buildConfigurationList = 0F57475E1CF2909C00FE51B3 /* Build configuration list for PBXNativeTarget "BabyUITests" */;
			buildPhases = (
				0F57474B1CF2909C00FE51B3 /* Sources */,
				0F57474C1CF2909C00FE51B3 /* Frameworks */,
				0F57474D1CF2909C00FE51B3 /* Resources */,
			);
			buildRules = (
			);
			dependencies = (
				0F5747511CF2909C00FE51B3 /* PBXTargetDependency */,
			);
			name = BabyUITests;
			productName = BabyUITests;
			productReference = 0F57474F1CF2909C00FE51B3 /* BabyUITests.xctest */;
			productType = "com.apple.product-type.bundle.ui-testing";
		};
/* End PBXNativeTarget section */

/* Begin PBXProject section */
		0F5747201CF2909B00FE51B3 /* Project object */ = {
			isa = PBXProject;
			attributes = {
				LastUpgradeCheck = 0730;
				ORGANIZATIONNAME = luan;
				TargetAttributes = {
					0F5747271CF2909B00FE51B3 = {
						CreatedOnToolsVersion = 7.3.1;
						DevelopmentTeam = JLGYWM7MP8;
					};
					0F5747431CF2909C00FE51B3 = {
						CreatedOnToolsVersion = 7.3.1;
						DevelopmentTeam = JLGYWM7MP8;
						TestTargetID = 0F5747271CF2909B00FE51B3;
					};
					0F57474E1CF2909C00FE51B3 = {
						CreatedOnToolsVersion = 7.3.1;
						DevelopmentTeam = JLGYWM7MP8;
						TestTargetID = 0F5747271CF2909B00FE51B3;
					};
				};
			};
			buildConfigurationList = 0F5747231CF2909B00FE51B3 /* Build configuration list for PBXProject "Baby" */;
			compatibilityVersion = "Xcode 3.2";
			developmentRegion = English;
			hasScannedForEncodings = 0;
			knownRegions = (
				en,
				Base,
			);
			mainGroup = 0F57471F1CF2909B00FE51B3;
			productRefGroup = 0F5747291CF2909B00FE51B3 /* Products */;
			projectDirPath = "";
			projectRoot = "";
			targets = (
				0F5747271CF2909B00FE51B3 /* Baby */,
				0F5747431CF2909C00FE51B3 /* BabyTests */,
				0F57474E1CF2909C00FE51B3 /* BabyUITests */,
			);
		};
/* End PBXProject section */

/* Begin PBXResourcesBuildPhase section */
		0F5747261CF2909B00FE51B3 /* Resources */ = {
			isa = PBXResourcesBuildPhase;
			buildActionMask = 2147483647;
			files = (
				0F57473E1CF2909C00FE51B3 /* LaunchScreen.storyboard in Resources */,
				0F57473B1CF2909C00FE51B3 /* Assets.xcassets in Resources */,
				0F5747391CF2909C00FE51B3 /* Main.storyboard in Resources */,
				0F09AEC41CF849E200888534 /* test.jpg in Resources */,
			);
			runOnlyForDeploymentPostprocessing = 0;
		};
		0F5747421CF2909C00FE51B3 /* Resources */ = {
			isa = PBXResourcesBuildPhase;
			buildActionMask = 2147483647;
			files = (
			);
			runOnlyForDeploymentPostprocessing = 0;
		};
		0F57474D1CF2909C00FE51B3 /* Resources */ = {
			isa = PBXResourcesBuildPhase;
			buildActionMask = 2147483647;
			files = (
			);
			runOnlyForDeploymentPostprocessing = 0;
		};
/* End PBXResourcesBuildPhase section */

/* Begin PBXShellScriptBuildPhase section */
		00684C2F079345579F5167D5 /* Copy Pods Resources */ = {
			isa = PBXShellScriptBuildPhase;
			buildActionMask = 2147483647;
			files = (
			);
			inputPaths = (
			);
			name = "Copy Pods Resources";
			outputPaths = (
			);
			runOnlyForDeploymentPostprocessing = 0;
			shellPath = /bin/sh;
			shellScript = "\"${SRCROOT}/Pods/Target Support Files/Pods/Pods-resources.sh\"\n";
			showEnvVarsInLog = 0;
		};
		3B96EAD260F46FDC9117CB05 /* Embed Pods Frameworks */ = {
			isa = PBXShellScriptBuildPhase;
			buildActionMask = 2147483647;
			files = (
			);
			inputPaths = (
			);
			name = "Embed Pods Frameworks";
			outputPaths = (
			);
			runOnlyForDeploymentPostprocessing = 0;
			shellPath = /bin/sh;
			shellScript = "\"${SRCROOT}/Pods/Target Support Files/Pods/Pods-frameworks.sh\"\n";
			showEnvVarsInLog = 0;
		};
		9D62F92E0DB10231F5D2B095 /* Check Pods Manifest.lock */ = {
			isa = PBXShellScriptBuildPhase;
			buildActionMask = 2147483647;
			files = (
			);
			inputPaths = (
			);
			name = "Check Pods Manifest.lock";
			outputPaths = (
			);
			runOnlyForDeploymentPostprocessing = 0;
			shellPath = /bin/sh;
			shellScript = "diff \"${PODS_ROOT}/../Podfile.lock\" \"${PODS_ROOT}/Manifest.lock\" > /dev/null\nif [[ $? != 0 ]] ; then\n    cat << EOM\nerror: The sandbox is not in sync with the Podfile.lock. Run 'pod install' or update your CocoaPods installation.\nEOM\n    exit 1\nfi\n";
			showEnvVarsInLog = 0;
		};
/* End PBXShellScriptBuildPhase section */

/* Begin PBXSourcesBuildPhase section */
		0F5747241CF2909B00FE51B3 /* Sources */ = {
			isa = PBXSourcesBuildPhase;
			buildActionMask = 2147483647;
			files = (
				0F40CAB51CFB0F1C005BECCE /* HourObject.m in Sources */,
				0F5747301CF2909B00FE51B3 /* AppDelegate.m in Sources */,
				0F40CAB81CFB0F92005BECCE /* DayObject.m in Sources */,
				0F57472D1CF2909B00FE51B3 /* main.m in Sources */,
				0FFC72F71CFBE02C00FD4E73 /* KxMenu.m in Sources */,
				0F40CABE1CFB0FD3005BECCE /* ContentViewController.m in Sources */,
				0F40CABD1CFB0FD3005BECCE /* CashViewController.m in Sources */,
				0F5542871CFD2F5000E07865 /* CashItem.m in Sources */,
				0F40CAAF1CFB0DE4005BECCE /* DayMasterViewController.m in Sources */,
				0F40CAB21CFB0DEE005BECCE /* MasterViewController.m in Sources */,
			);
			runOnlyForDeploymentPostprocessing = 0;
		};
		0F5747401CF2909C00FE51B3 /* Sources */ = {
			isa = PBXSourcesBuildPhase;
			buildActionMask = 2147483647;
			files = (
				0F5747491CF2909C00FE51B3 /* BabyTests.m in Sources */,
			);
			runOnlyForDeploymentPostprocessing = 0;
		};
		0F57474B1CF2909C00FE51B3 /* Sources */ = {
			isa = PBXSourcesBuildPhase;
			buildActionMask = 2147483647;
			files = (
				0F5747541CF2909C00FE51B3 /* BabyUITests.m in Sources */,
			);
			runOnlyForDeploymentPostprocessing = 0;
		};
/* End PBXSourcesBuildPhase section */

/* Begin PBXTargetDependency section */
		0F5747461CF2909C00FE51B3 /* PBXTargetDependency */ = {
			isa = PBXTargetDependency;
			target = 0F5747271CF2909B00FE51B3 /* Baby */;
			targetProxy = 0F5747451CF2909C00FE51B3 /* PBXContainerItemProxy */;
		};
		0F5747511CF2909C00FE51B3 /* PBXTargetDependency */ = {
			isa = PBXTargetDependency;
			target = 0F5747271CF2909B00FE51B3 /* Baby */;
			targetProxy = 0F5747501CF2909C00FE51B3 /* PBXContainerItemProxy */;
		};
/* End PBXTargetDependency section */

/* Begin PBXVariantGroup section */
		0F5747371CF2909C00FE51B3 /* Main.storyboard */ = {
			isa = PBXVariantGroup;
			children = (
				0F5747381CF2909C00FE51B3 /* Base */,
			);
			name = Main.storyboard;
			sourceTree = "<group>";
		};
		0F57473C1CF2909C00FE51B3 /* LaunchScreen.storyboard */ = {
			isa = PBXVariantGroup;
			children = (
				0F57473D1CF2909C00FE51B3 /* Base */,
			);
			name = LaunchScreen.storyboard;
			sourceTree = "<group>";
		};
/* End PBXVariantGroup section */

/* Begin XCBuildConfiguration section */
		0F5747561CF2909C00FE51B3 /* Debug */ = {
			isa = XCBuildConfiguration;
			buildSettings = {
				ALWAYS_SEARCH_USER_PATHS = NO;
				CLANG_ANALYZER_NONNULL = YES;
				CLANG_CXX_LANGUAGE_STANDARD = "gnu++0x";
				CLANG_CXX_LIBRARY = "libc++";
				CLANG_ENABLE_MODULES = YES;
				CLANG_ENABLE_OBJC_ARC = YES;
				CLANG_WARN_BOOL_CONVERSION = YES;
				CLANG_WARN_CONSTANT_CONVERSION = YES;
				CLANG_WARN_DIRECT_OBJC_ISA_USAGE = YES_ERROR;
				CLANG_WARN_EMPTY_BODY = YES;
				CLANG_WARN_ENUM_CONVERSION = YES;
				CLANG_WARN_INT_CONVERSION = YES;
				CLANG_WARN_OBJC_ROOT_CLASS = YES_ERROR;
				CLANG_WARN_UNREACHABLE_CODE = YES;
				CLANG_WARN__DUPLICATE_METHOD_MATCH = YES;
				"CODE_SIGN_IDENTITY[sdk=iphoneos*]" = "iPhone Developer";
				COPY_PHASE_STRIP = NO;
				DEBUG_INFORMATION_FORMAT = dwarf;
				ENABLE_STRICT_OBJC_MSGSEND = YES;
				ENABLE_TESTABILITY = YES;
				GCC_C_LANGUAGE_STANDARD = gnu99;
				GCC_DYNAMIC_NO_PIC = NO;
				GCC_NO_COMMON_BLOCKS = YES;
				GCC_OPTIMIZATION_LEVEL = 0;
				GCC_PREPROCESSOR_DEFINITIONS = (
					"DEBUG=1",
					"$(inherited)",
				);
				GCC_WARN_64_TO_32_BIT_CONVERSION = YES;
				GCC_WARN_ABOUT_RETURN_TYPE = YES_ERROR;
				GCC_WARN_UNDECLARED_SELECTOR = YES;
				GCC_WARN_UNINITIALIZED_AUTOS = YES_AGGRESSIVE;
				GCC_WARN_UNUSED_FUNCTION = YES;
				GCC_WARN_UNUSED_VARIABLE = YES;
				IPHONEOS_DEPLOYMENT_TARGET = 9.3;
				MTL_ENABLE_DEBUG_INFO = YES;
				ONLY_ACTIVE_ARCH = YES;
				SDKROOT = iphoneos;
				TARGETED_DEVICE_FAMILY = "1,2";
			};
			name = Debug;
		};
		0F5747571CF2909C00FE51B3 /* Release */ = {
			isa = XCBuildConfiguration;
			buildSettings = {
				ALWAYS_SEARCH_USER_PATHS = NO;
				CLANG_ANALYZER_NONNULL = YES;
				CLANG_CXX_LANGUAGE_STANDARD = "gnu++0x";
				CLANG_CXX_LIBRARY = "libc++";
				CLANG_ENABLE_MODULES = YES;
				CLANG_ENABLE_OBJC_ARC = YES;
				CLANG_WARN_BOOL_CONVERSION = YES;
				CLANG_WARN_CONSTANT_CONVERSION = YES;
				CLANG_WARN_DIRECT_OBJC_ISA_USAGE = YES_ERROR;
				CLANG_WARN_EMPTY_BODY = YES;
				CLANG_WARN_ENUM_CONVERSION = YES;
				CLANG_WARN_INT_CONVERSION = YES;
				CLANG_WARN_OBJC_ROOT_CLASS = YES_ERROR;
				CLANG_WARN_UNREACHABLE_CODE = YES;
				CLANG_WARN__DUPLICATE_METHOD_MATCH = YES;
				"CODE_SIGN_IDENTITY[sdk=iphoneos*]" = "iPhone Developer";
				COPY_PHASE_STRIP = NO;
				DEBUG_INFORMATION_FORMAT = "dwarf-with-dsym";
				ENABLE_NS_ASSERTIONS = NO;
				ENABLE_STRICT_OBJC_MSGSEND = YES;
				GCC_C_LANGUAGE_STANDARD = gnu99;
				GCC_NO_COMMON_BLOCKS = YES;
				GCC_WARN_64_TO_32_BIT_CONVERSION = YES;
				GCC_WARN_ABOUT_RETURN_TYPE = YES_ERROR;
				GCC_WARN_UNDECLARED_SELECTOR = YES;
				GCC_WARN_UNINITIALIZED_AUTOS = YES_AGGRESSIVE;
				GCC_WARN_UNUSED_FUNCTION = YES;
				GCC_WARN_UNUSED_VARIABLE = YES;
				IPHONEOS_DEPLOYMENT_TARGET = 9.3;
				MTL_ENABLE_DEBUG_INFO = NO;
				SDKROOT = iphoneos;
				TARGETED_DEVICE_FAMILY = "1,2";
				VALIDATE_PRODUCT = YES;
			};
			name = Release;
		};
		0F5747591CF2909C00FE51B3 /* Debug */ = {
			isa = XCBuildConfiguration;
			baseConfigurationReference = 02310F2CC77E1BDC129D824E /* Pods.debug.xcconfig */;
			buildSettings = {
				ASSETCATALOG_COMPILER_APPICON_NAME = AppIcon;
				ASSETCATALOG_COMPILER_LAUNCHIMAGE_NAME = "Brand Assets";
				INFOPLIST_FILE = Baby/Info.plist;
				LD_RUNPATH_SEARCH_PATHS = "$(inherited) @executable_path/Frameworks";
				PRODUCT_BUNDLE_IDENTIFIER = com.sweet.home.Baby;
				PRODUCT_NAME = "$(TARGET_NAME)";
			};
			name = Debug;
		};
		0F57475A1CF2909C00FE51B3 /* Release */ = {
			isa = XCBuildConfiguration;
			baseConfigurationReference = C0EED2E1D91784034CA22EC0 /* Pods.release.xcconfig */;
			buildSettings = {
				ASSETCATALOG_COMPILER_APPICON_NAME = AppIcon;
				ASSETCATALOG_COMPILER_LAUNCHIMAGE_NAME = "Brand Assets";
				INFOPLIST_FILE = Baby/Info.plist;
				LD_RUNPATH_SEARCH_PATHS = "$(inherited) @executable_path/Frameworks";
				PRODUCT_BUNDLE_IDENTIFIER = com.sweet.home.Baby;
				PRODUCT_NAME = "$(TARGET_NAME)";
			};
			name = Release;
		};
		0F57475C1CF2909C00FE51B3 /* Debug */ = {
			isa = XCBuildConfiguration;
			buildSettings = {
				BUNDLE_LOADER = "$(TEST_HOST)";
				INFOPLIST_FILE = BabyTests/Info.plist;
				LD_RUNPATH_SEARCH_PATHS = "$(inherited) @executable_path/Frameworks @loader_path/Frameworks";
				PRODUCT_BUNDLE_IDENTIFIER = com.sweet.home.BabyTests;
				PRODUCT_NAME = "$(TARGET_NAME)";
				TEST_HOST = "$(BUILT_PRODUCTS_DIR)/Baby.app/Baby";
			};
			name = Debug;
		};
		0F57475D1CF2909C00FE51B3 /* Release */ = {
			isa = XCBuildConfiguration;
			buildSettings = {
				BUNDLE_LOADER = "$(TEST_HOST)";
				INFOPLIST_FILE = BabyTests/Info.plist;
				LD_RUNPATH_SEARCH_PATHS = "$(inherited) @executable_path/Frameworks @loader_path/Frameworks";
				PRODUCT_BUNDLE_IDENTIFIER = com.sweet.home.BabyTests;
				PRODUCT_NAME = "$(TARGET_NAME)";
				TEST_HOST = "$(BUILT_PRODUCTS_DIR)/Baby.app/Baby";
			};
			name = Release;
		};
		0F57475F1CF2909C00FE51B3 /* Debug */ = {
			isa = XCBuildConfiguration;
			buildSettings = {
				INFOPLIST_FILE = BabyUITests/Info.plist;
				LD_RUNPATH_SEARCH_PATHS = "$(inherited) @executable_path/Frameworks @loader_path/Frameworks";
				PRODUCT_BUNDLE_IDENTIFIER = com.sweet.home.BabyUITests;
				PRODUCT_NAME = "$(TARGET_NAME)";
				TEST_TARGET_NAME = Baby;
			};
			name = Debug;
		};
		0F5747601CF2909C00FE51B3 /* Release */ = {
			isa = XCBuildConfiguration;
			buildSettings = {
				INFOPLIST_FILE = BabyUITests/Info.plist;
				LD_RUNPATH_SEARCH_PATHS = "$(inherited) @executable_path/Frameworks @loader_path/Frameworks";
				PRODUCT_BUNDLE_IDENTIFIER = com.sweet.home.BabyUITests;
				PRODUCT_NAME = "$(TARGET_NAME)";
				TEST_TARGET_NAME = Baby;
			};
			name = Release;
		};
/* End XCBuildConfiguration section */

/* Begin XCConfigurationList section */
		0F5747231CF2909B00FE51B3 /* Build configuration list for PBXProject "Baby" */ = {
			isa = XCConfigurationList;
			buildConfigurations = (
				0F5747561CF2909C00FE51B3 /* Debug */,
				0F5747571CF2909C00FE51B3 /* Release */,
			);
			defaultConfigurationIsVisible = 0;
			defaultConfigurationName = Release;
		};
		0F5747581CF2909C00FE51B3 /* Build configuration list for PBXNativeTarget "Baby" */ = {
			isa = XCConfigurationList;
			buildConfigurations = (
				0F5747591CF2909C00FE51B3 /* Debug */,
				0F57475A1CF2909C00FE51B3 /* Release */,
			);
			defaultConfigurationIsVisible = 0;
			defaultConfigurationName = Release;
		};
		0F57475B1CF2909C00FE51B3 /* Build configuration list for PBXNativeTarget "BabyTests" */ = {
			isa = XCConfigurationList;
			buildConfigurations = (
				0F57475C1CF2909C00FE51B3 /* Debug */,
				0F57475D1CF2909C00FE51B3 /* Release */,
			);
			defaultConfigurationIsVisible = 0;
			defaultConfigurationName = Release;
		};
		0F57475E1CF2909C00FE51B3 /* Build configuration list for PBXNativeTarget "BabyUITests" */ = {
			isa = XCConfigurationList;
			buildConfigurations = (
				0F57475F1CF2909C00FE51B3 /* Debug */,
				0F5747601CF2909C00FE51B3 /* Release */,
			);
			defaultConfigurationIsVisible = 0;
			defaultConfigurationName = Release;
		};
/* End XCConfigurationList section */
	};
	rootObject = 0F5747201CF2909B00FE51B3 /* Project object */;
}
